// !$*UTF8*$!
{
	archiveVersion = 1;
	classes = {
	};
	objectVersion = 50;
	objects = {

/* Begin PBXBuildFile section */
		6AB83EE322F86AB20013757A /* AppDelegate.swift in Sources */ = {isa = PBXBuildFile; fileRef = 6AB83EE222F86AB20013757A /* AppDelegate.swift */; };
		6AB83EE522F86AB20013757A /* ListVC.swift in Sources */ = {isa = PBXBuildFile; fileRef = 6AB83EE422F86AB20013757A /* ListVC.swift */; };
		6AB83EE822F86AB20013757A /* Main.storyboard in Resources */ = {isa = PBXBuildFile; fileRef = 6AB83EE622F86AB20013757A /* Main.storyboard */; };
		6AB83EEB22F86AB20013757A /* CoreDataDemo.xcdatamodeld in Sources */ = {isa = PBXBuildFile; fileRef = 6AB83EE922F86AB20013757A /* CoreDataDemo.xcdatamodeld */; };
		6AB83EED22F86AB30013757A /* Assets.xcassets in Resources */ = {isa = PBXBuildFile; fileRef = 6AB83EEC22F86AB30013757A /* Assets.xcassets */; };
		6AB83EF022F86AB30013757A /* LaunchScreen.storyboard in Resources */ = {isa = PBXBuildFile; fileRef = 6AB83EEE22F86AB30013757A /* LaunchScreen.storyboard */; };
		6AB83EF922F86AEB0013757A /* CoreDataManager.swift in Sources */ = {isa = PBXBuildFile; fileRef = 6AB83EF822F86AEB0013757A /* CoreDataManager.swift */; };
		6AB83EFB22F86BA60013757A /* DetailVC.swift in Sources */ = {isa = PBXBuildFile; fileRef = 6AB83EFA22F86BA60013757A /* DetailVC.swift */; };
		6AB83EFD22F86E480013757A /* ListTVC.swift in Sources */ = {isa = PBXBuildFile; fileRef = 6AB83EFC22F86E480013757A /* ListTVC.swift */; };
		6AF91A7B22F9714800C2BB57 /* Note.swift in Sources */ = {isa = PBXBuildFile; fileRef = 6AF91A7A22F9714800C2BB57 /* Note.swift */; };
/* End PBXBuildFile section */

/* Begin PBXFileReference section */
		6AB83EDF22F86AB20013757A /* CoreDataDemo.app */ = {isa = PBXFileReference; explicitFileType = wrapper.application; includeInIndex = 0; path = CoreDataDemo.app; sourceTree = BUILT_PRODUCTS_DIR; };
		6AB83EE222F86AB20013757A /* AppDelegate.swift */ = {isa = PBXFileReference; lastKnownFileType = sourcecode.swift; path = AppDelegate.swift; sourceTree = "<group>"; };
		6AB83EE422F86AB20013757A /* ListVC.swift */ = {isa = PBXFileReference; lastKnownFileType = sourcecode.swift; path = ListVC.swift; sourceTree = "<group>"; };
		6AB83EE722F86AB20013757A /* Base */ = {isa = PBXFileReference; lastKnownFileType = file.storyboard; name = Base; path = Base.lproj/Main.storyboard; sourceTree = "<group>"; };
		6AB83EEA22F86AB20013757A /* CoreDataDemo.xcdatamodel */ = {isa = PBXFileReference; lastKnownFileType = wrapper.xcdatamodel; path = CoreDataDemo.xcdatamodel; sourceTree = "<group>"; };
		6AB83EEC22F86AB30013757A /* Assets.xcassets */ = {isa = PBXFileReference; lastKnownFileType = folder.assetcatalog; path = Assets.xcassets; sourceTree = "<group>"; };
		6AB83EEF22F86AB30013757A /* Base */ = {isa = PBXFileReference; lastKnownFileType = file.storyboard; name = Base; path = Base.lproj/LaunchScreen.storyboard; sourceTree = "<group>"; };
		6AB83EF122F86AB30013757A /* Info.plist */ = {isa = PBXFileReference; lastKnownFileType = text.plist.xml; path = Info.plist; sourceTree = "<group>"; };
		6AB83EF822F86AEB0013757A /* CoreDataManager.swift */ = {isa = PBXFileReference; fileEncoding = 4; lastKnownFileType = sourcecode.swift; path = CoreDataManager.swift; sourceTree = "<group>"; };
		6AB83EFA22F86BA60013757A /* DetailVC.swift */ = {isa = PBXFileReference; lastKnownFileType = sourcecode.swift; path = DetailVC.swift; sourceTree = "<group>"; };
		6AB83EFC22F86E480013757A /* ListTVC.swift */ = {isa = PBXFileReference; lastKnownFileType = sourcecode.swift; path = ListTVC.swift; sourceTree = "<group>"; };
		6AF91A7A22F9714800C2BB57 /* Note.swift */ = {isa = PBXFileReference; lastKnownFileType = sourcecode.swift; path = Note.swift; sourceTree = "<group>"; };
/* End PBXFileReference section */

/* Begin PBXFrameworksBuildPhase section */
		6AB83EDC22F86AB20013757A /* Frameworks */ = {
			isa = PBXFrameworksBuildPhase;
			buildActionMask = 2147483647;
			files = (
			);
			runOnlyForDeploymentPostprocessing = 0;
		};
/* End PBXFrameworksBuildPhase section */

/* Begin PBXGroup section */
		6AB83ED622F86AB20013757A = {
			isa = PBXGroup;
			children = (
				6AB83EE122F86AB20013757A /* CoreDataDemo */,
				6AB83EE022F86AB20013757A /* Products */,
			);
			sourceTree = "<group>";
		};
		6AB83EE022F86AB20013757A /* Products */ = {
			isa = PBXGroup;
			children = (
				6AB83EDF22F86AB20013757A /* CoreDataDemo.app */,
			);
			name = Products;
			sourceTree = "<group>";
		};
		6AB83EE122F86AB20013757A /* CoreDataDemo */ = {
			isa = PBXGroup;
			children = (
				6AB83EE222F86AB20013757A /* AppDelegate.swift */,
				6AF91A7922F9712500C2BB57 /* Model */,
				6AF91A7C22F9A3A500C2BB57 /* View */,
				6AB83EE622F86AB20013757A /* Main.storyboard */,
				6AB83EF722F86ACB0013757A /* CoreDataManager */,
				6AB83EEC22F86AB30013757A /* Assets.xcassets */,
				6AB83EEE22F86AB30013757A /* LaunchScreen.storyboard */,
				6AB83EF122F86AB30013757A /* Info.plist */,
				6AB83EE922F86AB20013757A /* CoreDataDemo.xcdatamodeld */,
			);
			path = CoreDataDemo;
			sourceTree = "<group>";
		};
		6AB83EF722F86ACB0013757A /* CoreDataManager */ = {
			isa = PBXGroup;
			children = (
				6AB83EF822F86AEB0013757A /* CoreDataManager.swift */,
			);
			path = CoreDataManager;
			sourceTree = "<group>";
		};
		6AF91A7922F9712500C2BB57 /* Model */ = {
			isa = PBXGroup;
			children = (
				6AF91A7A22F9714800C2BB57 /* Note.swift */,
			);
			path = Model;
			sourceTree = "<group>";
		};
		6AF91A7C22F9A3A500C2BB57 /* View */ = {
			isa = PBXGroup;
			children = (
				6AF91A7D22F9A3AD00C2BB57 /* CustomView */,
				6AF91A7F22F9A3BD00C2BB57 /* ViewController */,
			);
			path = View;
			sourceTree = "<group>";
		};
		6AF91A7D22F9A3AD00C2BB57 /* CustomView */ = {
			isa = PBXGroup;
			children = (
				6AF91A7E22F9A3B600C2BB57 /* TVC */,
			);
			path = CustomView;
			sourceTree = "<group>";
		};
		6AF91A7E22F9A3B600C2BB57 /* TVC */ = {
			isa = PBXGroup;
			children = (
				6AB83EFC22F86E480013757A /* ListTVC.swift */,
			);
			path = TVC;
			sourceTree = "<group>";
		};
		6AF91A7F22F9A3BD00C2BB57 /* ViewController */ = {
			isa = PBXGroup;
			children = (
				6AB83EE422F86AB20013757A /* ListVC.swift */,
				6AB83EFA22F86BA60013757A /* DetailVC.swift */,
			);
			path = ViewController;
			sourceTree = "<group>";
		};
/* End PBXGroup section */

/* Begin PBXNativeTarget section */
		6AB83EDE22F86AB20013757A /* CoreDataDemo */ = {
			isa = PBXNativeTarget;
			buildConfigurationList = 6AB83EF422F86AB30013757A /* Build configuration list for PBXNativeTarget "CoreDataDemo" */;
			buildPhases = (
				6AB83EDB22F86AB20013757A /* Sources */,
				6AB83EDC22F86AB20013757A /* Frameworks */,
				6AB83EDD22F86AB20013757A /* Resources */,
			);
			buildRules = (
			);
			dependencies = (
			);
			name = CoreDataDemo;
			productName = CoreDataDemo;
			productReference = 6AB83EDF22F86AB20013757A /* CoreDataDemo.app */;
			productType = "com.apple.product-type.application";
		};
/* End PBXNativeTarget section */

/* Begin PBXProject section */
		6AB83ED722F86AB20013757A /* Project object */ = {
			isa = PBXProject;
			attributes = {
				LastSwiftUpdateCheck = 1030;
				LastUpgradeCheck = 1030;
				ORGANIZATIONNAME = "Deepak Kumar";
				TargetAttributes = {
					6AB83EDE22F86AB20013757A = {
						CreatedOnToolsVersion = 10.3;
					};
				};
			};
			buildConfigurationList = 6AB83EDA22F86AB20013757A /* Build configuration list for PBXProject "CoreDataDemo" */;
			compatibilityVersion = "Xcode 9.3";
			developmentRegion = en;
			hasScannedForEncodings = 0;
			knownRegions = (
				en,
				Base,
			);
			mainGroup = 6AB83ED622F86AB20013757A;
			productRefGroup = 6AB83EE022F86AB20013757A /* Products */;
			projectDirPath = "";
			projectRoot = "";
			targets = (
				6AB83EDE22F86AB20013757A /* CoreDataDemo */,
			);
		};
/* End PBXProject section */

/* Begin PBXResourcesBuildPhase section */
		6AB83EDD22F86AB20013757A /* Resources */ = {
			isa = PBXResourcesBuildPhase;
			buildActionMask = 2147483647;
			files = (
				6AB83EF022F86AB30013757A /* LaunchScreen.storyboard in Resources */,
				6AB83EED22F86AB30013757A /* Assets.xcassets in Resources */,
				6AB83EE822F86AB20013757A /* Main.storyboard in Resources */,
			);
			runOnlyForDeploymentPostprocessing = 0;
		};
/* End PBXResourcesBuildPhase section */

/* Begin PBXSourcesBuildPhase section */
		6AB83EDB22F86AB20013757A /* Sources */ = {
			isa = PBXSourcesBuildPhase;
			buildActionMask = 2147483647;
			files = (
				6AB83EFB22F86BA60013757A /* DetailVC.swift in Sources */,
				6AB83EE522F86AB20013757A /* ListVC.swift in Sources */,
				6AF91A7B22F9714800C2BB57 /* Note.swift in Sources */,
				6AB83EEB22F86AB20013757A /* CoreDataDemo.xcdatamodeld in Sources */,
				6AB83EFD22F86E480013757A /* ListTVC.swift in Sources */,
				6AB83EF922F86AEB0013757A /* CoreDataManager.swift in Sources */,
				6AB83EE322F86AB20013757A /* AppDelegate.swift in Sources */,
			);
			runOnlyForDeploymentPostprocessing = 0;
		};
/* End PBXSourcesBuildPhase section */

/* Begin PBXVariantGroup section */
		6AB83EE622F86AB20013757A /* Main.storyboard */ = {
			isa = PBXVariantGroup;
			children = (
				6AB83EE722F86AB20013757A /* Base */,
			);
			name = Main.storyboard;
			sourceTree = "<group>";
		};
		6AB83EEE22F86AB30013757A /* LaunchScreen.storyboard */ = {
			isa = PBXVariantGroup;
			children = (
				6AB83EEF22F86AB30013757A /* Base */,
			);
			name = LaunchScreen.storyboard;
			sourceTree = "<group>";
		};
/* End PBXVariantGroup section */

/* Begin XCBuildConfiguration section */
		6AB83EF222F86AB30013757A /* Debug */ = {
			isa = XCBuildConfiguration;
			buildSettings = {
				ALWAYS_SEARCH_USER_PATHS = NO;
				CLANG_ANALYZER_NONNULL = YES;
				CLANG_ANALYZER_NUMBER_OBJECT_CONVERSION = YES_AGGRESSIVE;
				CLANG_CXX_LANGUAGE_STANDARD = "gnu++14";
				CLANG_CXX_LIBRARY = "libc++";
				CLANG_ENABLE_MODULES = YES;
				CLANG_ENABLE_OBJC_ARC = YES;
				CLANG_ENABLE_OBJC_WEAK = YES;
				CLANG_WARN_BLOCK_CAPTURE_AUTORELEASING = YES;
				CLANG_WARN_BOOL_CONVERSION = YES;
				CLANG_WARN_COMMA = YES;
				CLANG_WARN_CONSTANT_CONVERSION = YES;
				CLANG_WARN_DEPRECATED_OBJC_IMPLEMENTATIONS = YES;
				CLANG_WARN_DIRECT_OBJC_ISA_USAGE = YES_ERROR;
				CLANG_WARN_DOCUMENTATION_COMMENTS = YES;
				CLANG_WARN_EMPTY_BODY = YES;
				CLANG_WARN_ENUM_CONVERSION = YES;
				CLANG_WARN_INFINITE_RECURSION = YES;
				CLANG_WARN_INT_CONVERSION = YES;
				CLANG_WARN_NON_LITERAL_NULL_CONVERSION = YES;
				CLANG_WARN_OBJC_IMPLICIT_RETAIN_SELF = YES;
				CLANG_WARN_OBJC_LITERAL_CONVERSION = YES;
				CLANG_WARN_OBJC_ROOT_CLASS = YES_ERROR;
				CLANG_WARN_RANGE_LOOP_ANALYSIS = YES;
				CLANG_WARN_STRICT_PROTOTYPES = YES;
				CLANG_WARN_SUSPICIOUS_MOVE = YES;
				CLANG_WARN_UNGUARDED_AVAILABILITY = YES_AGGRESSIVE;
				CLANG_WARN_UNREACHABLE_CODE = YES;
				CLANG_WARN__DUPLICATE_METHOD_MATCH = YES;
				CODE_SIGN_IDENTITY = "iPhone Developer";
				COPY_PHASE_STRIP = NO;
				DEBUG_INFORMATION_FORMAT = dwarf;
				ENABLE_STRICT_OBJC_MSGSEND = YES;
				ENABLE_TESTABILITY = YES;
				GCC_C_LANGUAGE_STANDARD = gnu11;
				GCC_DYNAMIC_NO_PIC = NO;
				GCC_NO_COMMON_BLOCKS = YES;
				GCC_OPTIMIZATION_LEVEL = 0;
				GCC_PREPROCESSOR_DEFINITIONS = (
					"DEBUG=1",
					"$(inherited)",
				);
				GCC_WARN_64_TO_32_BIT_CONVERSION = YES;
				GCC_WARN_ABOUT_RETURN_TYPE = YES_ERROR;
				GCC_WARN_UNDECLARED_SELECTOR = YES;
				GCC_WARN_UNINITIALIZED_AUTOS = YES_AGGRESSIVE;
				GCC_WARN_UNUSED_FUNCTION = YES;
				GCC_WARN_UNUSED_VARIABLE = YES;
				IPHONEOS_DEPLOYMENT_TARGET = 12.4;
				MTL_ENABLE_DEBUG_INFO = INCLUDE_SOURCE;
				MTL_FAST_MATH = YES;
				ONLY_ACTIVE_ARCH = YES;
				SDKROOT = iphoneos;
				SWIFT_ACTIVE_COMPILATION_CONDITIONS = DEBUG;
				SWIFT_OPTIMIZATION_LEVEL = "-Onone";
			};
			name = Debug;
		};
		6AB83EF322F86AB30013757A /* Release */ = {
			isa = XCBuildConfiguration;
			buildSettings = {
				ALWAYS_SEARCH_USER_PATHS = NO;
				CLANG_ANALYZER_NONNULL = YES;
				CLANG_ANALYZER_NUMBER_OBJECT_CONVERSION = YES_AGGRESSIVE;
				CLANG_CXX_LANGUAGE_STANDARD = "gnu++14";
				CLANG_CXX_LIBRARY = "libc++";
				CLANG_ENABLE_MODULES = YES;
				CLANG_ENABLE_OBJC_ARC = YES;
				CLANG_ENABLE_OBJC_WEAK = YES;
				CLANG_WARN_BLOCK_CAPTURE_AUTORELEASING = YES;
				CLANG_WARN_BOOL_CONVERSION = YES;
				CLANG_WARN_COMMA = YES;
				CLANG_WARN_CONSTANT_CONVERSION = YES;
				CLANG_WARN_DEPRECATED_OBJC_IMPLEMENTATIONS = YES;
				CLANG_WARN_DIRECT_OBJC_ISA_USAGE = YES_ERROR;
				CLANG_WARN_DOCUMENTATION_COMMENTS = YES;
				CLANG_WARN_EMPTY_BODY = YES;
				CLANG_WARN_ENUM_CONVERSION = YES;
				CLANG_WARN_INFINITE_RECURSION = YES;
				CLANG_WARN_INT_CONVERSION = YES;
				CLANG_WARN_NON_LITERAL_NULL_CONVERSION = YES;
				CLANG_WARN_OBJC_IMPLICIT_RETAIN_SELF = YES;
				CLANG_WARN_OBJC_LITERAL_CONVERSION = YES;
				CLANG_WARN_OBJC_ROOT_CLASS = YES_ERROR;
				CLANG_WARN_RANGE_LOOP_ANALYSIS = YES;
				CLANG_WARN_STRICT_PROTOTYPES = YES;
				CLANG_WARN_SUSPICIOUS_MOVE = YES;
				CLANG_WARN_UNGUARDED_AVAILABILITY = YES_AGGRESSIVE;
				CLANG_WARN_UNREACHABLE_CODE = YES;
				CLANG_WARN__DUPLICATE_METHOD_MATCH = YES;
				CODE_SIGN_IDENTITY = "iPhone Developer";
				COPY_PHASE_STRIP = NO;
				DEBUG_INFORMATION_FORMAT = "dwarf-with-dsym";
				ENABLE_NS_ASSERTIONS = NO;
				ENABLE_STRICT_OBJC_MSGSEND = YES;
				GCC_C_LANGUAGE_STANDARD = gnu11;
				GCC_NO_COMMON_BLOCKS = YES;
				GCC_WARN_64_TO_32_BIT_CONVERSION = YES;
				GCC_WARN_ABOUT_RETURN_TYPE = YES_ERROR;
				GCC_WARN_UNDECLARED_SELECTOR = YES;
				GCC_WARN_UNINITIALIZED_AUTOS = YES_AGGRESSIVE;
				GCC_WARN_UNUSED_FUNCTION = YES;
				GCC_WARN_UNUSED_VARIABLE = YES;
				IPHONEOS_DEPLOYMENT_TARGET = 12.4;
				MTL_ENABLE_DEBUG_INFO = NO;
				MTL_FAST_MATH = YES;
				SDKROOT = iphoneos;
				SWIFT_COMPILATION_MODE = wholemodule;
				SWIFT_OPTIMIZATION_LEVEL = "-O";
				VALIDATE_PRODUCT = YES;
			};
			name = Release;
		};
		6AB83EF522F86AB30013757A /* Debug */ = {
			isa = XCBuildConfiguration;
			buildSettings = {
				ASSETCATALOG_COMPILER_APPICON_NAME = AppIcon;
				CODE_SIGN_STYLE = Automatic;
				INFOPLIST_FILE = CoreDataDemo/Info.plist;
				LD_RUNPATH_SEARCH_PATHS = (
					"$(inherited)",
					"@executable_path/Frameworks",
				);
				PRODUCT_BUNDLE_IDENTIFIER = deepak.kumar.CoreDataDemo;
				PRODUCT_NAME = "$(TARGET_NAME)";
				SWIFT_VERSION = 5.0;
				TARGETED_DEVICE_FAMILY = "1,2";
			};
			name = Debug;
		};
		6AB83EF622F86AB30013757A /* Release */ = {
			isa = XCBuildConfiguration;
			buildSettings = {
				ASSETCATALOG_COMPILER_APPICON_NAME = AppIcon;
				CODE_SIGN_STYLE = Automatic;
				INFOPLIST_FILE = CoreDataDemo/Info.plist;
				LD_RUNPATH_SEARCH_PATHS = (
					"$(inherited)",
					"@executable_path/Frameworks",
				);
				PRODUCT_BUNDLE_IDENTIFIER = deepak.kumar.CoreDataDemo;
				PRODUCT_NAME = "$(TARGET_NAME)";
				SWIFT_VERSION = 5.0;
				TARGETED_DEVICE_FAMILY = "1,2";
			};
			name = Release;
		};
/* End XCBuildConfiguration section */

/* Begin XCConfigurationList section */
		6AB83EDA22F86AB20013757A /* Build configuration list for PBXProject "CoreDataDemo" */ = {
			isa = XCConfigurationList;
			buildConfigurations = (
				6AB83EF222F86AB30013757A /* Debug */,
				6AB83EF322F86AB30013757A /* Release */,
			);
			defaultConfigurationIsVisible = 0;
			defaultConfigurationName = Release;
		};
		6AB83EF422F86AB30013757A /* Build configuration list for PBXNativeTarget "CoreDataDemo" */ = {
			isa = XCConfigurationList;
			buildConfigurations = (
				6AB83EF522F86AB30013757A /* Debug */,
				6AB83EF622F86AB30013757A /* Release */,
			);
			defaultConfigurationIsVisible = 0;
			defaultConfigurationName = Release;
		};
/* End XCConfigurationList section */

/* Begin XCVersionGroup section */
		6AB83EE922F86AB20013757A /* CoreDataDemo.xcdatamodeld */ = {
			isa = XCVersionGroup;
			children = (
				6AB83EEA22F86AB20013757A /* CoreDataDemo.xcdatamodel */,
			);
			currentVersion = 6AB83EEA22F86AB20013757A /* CoreDataDemo.xcdatamodel */;
			path = CoreDataDemo.xcdatamodeld;
			sourceTree = "<group>";
			versionGroupType = wrapper.xcdatamodel;
		};
/* End XCVersionGroup section */
	};
	rootObject = 6AB83ED722F86AB20013757A /* Project object */;
}
